
Microsoft Visual Studio Solution File, Format Version 12.00
# Visual Studio Version 16
VisualStudioVersion = 16.0.30002.166
MinimumVisualStudioVersion = 10.0.40219.1
Project("{FAE04EC0-301F-11D3-BF4B-00C04F79EFBC}") = "BasarSoftStajMVC", "BasarSoftStajMVC\BasarSoftStajMVC.csproj", "{349FD702-06C7-480E-A5CC-51F7C921C56D}"
EndProject
Global
	GlobalSection(SolutionConfigurationPlatforms) = preSolution
		Debug|Any CPU = Debug|Any CPU
		Release|Any CPU = Release|Any CPU
	EndGlobalSection
	GlobalSection(ProjectConfigurationPlatforms) = postSolution
		{349FD702-06C7-480E-A5CC-51F7C921C56D}.Debug|Any CPU.ActiveCfg = Debug|Any CPU
		{349FD702-06C7-480E-A5CC-51F7C921C56D}.Debug|Any CPU.Build.0 = Debug|Any CPU
		{349FD702-06C7-480E-A5CC-51F7C921C56D}.Release|Any CPU.ActiveCfg = Release|Any CPU
		{349FD702-06C7-480E-A5CC-51F7C921C56D}.Release|Any CPU.Build.0 = Release|Any CPU
	EndGlobalSection
	GlobalSection(SolutionProperties) = preSolution
		HideSolutionNode = FALSE
	EndGlobalSection
	GlobalSection(ExtensibilityGlobals) = postSolution
		SolutionGuid = {A473F977-7DD4-4B7C-A0E5-4C7841EE1EBB}
	EndGlobalSection
EndGlobal
